
Microsoft Visual Studio Solution File, Format Version 12.00
# Visual Studio Version 17
VisualStudioVersion = 17.9.34607.119
MinimumVisualStudioVersion = 10.0.40219.1
Project("{FAE04EC0-301F-11D3-BF4B-00C04F79EFBC}") = "DZSDA_11_03_24GameRace", "DZSDA_11_03_24GameRace\DZSDA_11_03_24GameRace.csproj", "{D69FA877-E8B1-42FE-A5F3-FDBCE87459C8}"
EndProject
Global
	GlobalSection(SolutionConfigurationPlatforms) = preSolution
		Debug|Any CPU = Debug|Any CPU
		Release|Any CPU = Release|Any CPU
	EndGlobalSection
	GlobalSection(ProjectConfigurationPlatforms) = postSolution
		{D69FA877-E8B1-42FE-A5F3-FDBCE87459C8}.Debug|Any CPU.ActiveCfg = Debug|Any CPU
		{D69FA877-E8B1-42FE-A5F3-FDBCE87459C8}.Debug|Any CPU.Build.0 = Debug|Any CPU
		{D69FA877-E8B1-42FE-A5F3-FDBCE87459C8}.Release|Any CPU.ActiveCfg = Release|Any CPU
		{D69FA877-E8B1-42FE-A5F3-FDBCE87459C8}.Release|Any CPU.Build.0 = Release|Any CPU
	EndGlobalSection
	GlobalSection(SolutionProperties) = preSolution
		HideSolutionNode = FALSE
	EndGlobalSection
	GlobalSection(ExtensibilityGlobals) = postSolution
		SolutionGuid = {C8A72084-442D-411F-A5FB-82DD92898245}
	EndGlobalSection
EndGlobal
